
Microsoft Visual Studio Solution File, Format Version 12.00
# Visual Studio Version 17
VisualStudioVersion = 17.0.31717.71
MinimumVisualStudioVersion = 10.0.40219.1
Project("{FAE04EC0-301F-11D3-BF4B-00C04F79EFBC}") = "EvenDigitsOnly_CodeSignal_Arcade", "EvenDigitsOnly_CodeSignal_Arcade\EvenDigitsOnly_CodeSignal_Arcade.csproj", "{3AB5FA2F-A25F-4E1E-81D9-C2042C5E3B50}"
EndProject
Global
	GlobalSection(SolutionConfigurationPlatforms) = preSolution
		Debug|Any CPU = Debug|Any CPU
		Release|Any CPU = Release|Any CPU
	EndGlobalSection
	GlobalSection(ProjectConfigurationPlatforms) = postSolution
		{3AB5FA2F-A25F-4E1E-81D9-C2042C5E3B50}.Debug|Any CPU.ActiveCfg = Debug|Any CPU
		{3AB5FA2F-A25F-4E1E-81D9-C2042C5E3B50}.Debug|Any CPU.Build.0 = Debug|Any CPU
		{3AB5FA2F-A25F-4E1E-81D9-C2042C5E3B50}.Release|Any CPU.ActiveCfg = Release|Any CPU
		{3AB5FA2F-A25F-4E1E-81D9-C2042C5E3B50}.Release|Any CPU.Build.0 = Release|Any CPU
	EndGlobalSection
	GlobalSection(SolutionProperties) = preSolution
		HideSolutionNode = FALSE
	EndGlobalSection
	GlobalSection(ExtensibilityGlobals) = postSolution
		SolutionGuid = {C0DCBFFE-1A2F-457F-B024-24BE1187D380}
	EndGlobalSection
EndGlobal
